
Microsoft Visual Studio Solution File, Format Version 12.00
# Visual Studio Version 17
VisualStudioVersion = 17.3.32825.248
MinimumVisualStudioVersion = 10.0.40219.1
Project("{FAE04EC0-301F-11D3-BF4B-00C04F79EFBC}") = "CourseManager", "CourseManager\CourseManager.csproj", "{F1EB86EB-0FEC-4E53-8DBD-A13A714555B3}"
EndProject
Global
	GlobalSection(SolutionConfigurationPlatforms) = preSolution
		Debug|Any CPU = Debug|Any CPU
		Release|Any CPU = Release|Any CPU
	EndGlobalSection
	GlobalSection(ProjectConfigurationPlatforms) = postSolution
		{F1EB86EB-0FEC-4E53-8DBD-A13A714555B3}.Debug|Any CPU.ActiveCfg = Debug|Any CPU
		{F1EB86EB-0FEC-4E53-8DBD-A13A714555B3}.Debug|Any CPU.Build.0 = Debug|Any CPU
		{F1EB86EB-0FEC-4E53-8DBD-A13A714555B3}.Release|Any CPU.ActiveCfg = Release|Any CPU
		{F1EB86EB-0FEC-4E53-8DBD-A13A714555B3}.Release|Any CPU.Build.0 = Release|Any CPU
	EndGlobalSection
	GlobalSection(SolutionProperties) = preSolution
		HideSolutionNode = FALSE
	EndGlobalSection
	GlobalSection(ExtensibilityGlobals) = postSolution
		SolutionGuid = {47B5DC74-F5EB-411F-8975-4FCE6B4440FE}
	EndGlobalSection
EndGlobal
